
Microsoft Visual Studio Solution File, Format Version 12.00
# Visual Studio Version 17
VisualStudioVersion = 17.7.34031.279
MinimumVisualStudioVersion = 10.0.40219.1
Project("{FAE04EC0-301F-11D3-BF4B-00C04F79EFBC}") = "Challenge-DIO", "Challenge-DIO.csproj", "{6391BE3A-5A94-4738-9E3B-5EA8B2EB1700}"
EndProject
Project("{FAE04EC0-301F-11D3-BF4B-00C04F79EFBC}") = "TestCalc", "..\TestCalc\TestCalc.csproj", "{DE02DDA0-38F4-42CA-BE74-761E91990675}"
EndProject
Global
	GlobalSection(SolutionConfigurationPlatforms) = preSolution
		Debug|Any CPU = Debug|Any CPU
		Release|Any CPU = Release|Any CPU
	EndGlobalSection
	GlobalSection(ProjectConfigurationPlatforms) = postSolution
		{6391BE3A-5A94-4738-9E3B-5EA8B2EB1700}.Debug|Any CPU.ActiveCfg = Debug|Any CPU
		{6391BE3A-5A94-4738-9E3B-5EA8B2EB1700}.Debug|Any CPU.Build.0 = Debug|Any CPU
		{6391BE3A-5A94-4738-9E3B-5EA8B2EB1700}.Release|Any CPU.ActiveCfg = Release|Any CPU
		{6391BE3A-5A94-4738-9E3B-5EA8B2EB1700}.Release|Any CPU.Build.0 = Release|Any CPU
		{DE02DDA0-38F4-42CA-BE74-761E91990675}.Debug|Any CPU.ActiveCfg = Debug|Any CPU
		{DE02DDA0-38F4-42CA-BE74-761E91990675}.Debug|Any CPU.Build.0 = Debug|Any CPU
		{DE02DDA0-38F4-42CA-BE74-761E91990675}.Release|Any CPU.ActiveCfg = Release|Any CPU
		{DE02DDA0-38F4-42CA-BE74-761E91990675}.Release|Any CPU.Build.0 = Release|Any CPU
	EndGlobalSection
	GlobalSection(SolutionProperties) = preSolution
		HideSolutionNode = FALSE
	EndGlobalSection
	GlobalSection(ExtensibilityGlobals) = postSolution
		SolutionGuid = {D754DE4C-4315-4813-9623-BA376F8CD333}
	EndGlobalSection
EndGlobal
